
Microsoft Visual Studio Solution File, Format Version 12.00
# Visual Studio Version 16
VisualStudioVersion = 16.0.32901.82
MinimumVisualStudioVersion = 10.0.40219.1
Project("{FAE04EC0-301F-11D3-BF4B-00C04F79EFBC}") = "Flowing", "Flowing.csproj", "{A7C0AD5A-30C9-4CC5-9AAB-B8ACDC456820}"
EndProject
Global
	GlobalSection(SolutionConfigurationPlatforms) = preSolution
		Debug|Any CPU = Debug|Any CPU
		Release|Any CPU = Release|Any CPU
	EndGlobalSection
	GlobalSection(ProjectConfigurationPlatforms) = postSolution
		{A7C0AD5A-30C9-4CC5-9AAB-B8ACDC456820}.Debug|Any CPU.ActiveCfg = Debug|Any CPU
		{A7C0AD5A-30C9-4CC5-9AAB-B8ACDC456820}.Debug|Any CPU.Build.0 = Debug|Any CPU
		{A7C0AD5A-30C9-4CC5-9AAB-B8ACDC456820}.Release|Any CPU.ActiveCfg = Release|Any CPU
		{A7C0AD5A-30C9-4CC5-9AAB-B8ACDC456820}.Release|Any CPU.Build.0 = Release|Any CPU
	EndGlobalSection
	GlobalSection(SolutionProperties) = preSolution
		HideSolutionNode = FALSE
	EndGlobalSection
	GlobalSection(ExtensibilityGlobals) = postSolution
		SolutionGuid = {7A19996B-E03C-4548-87E0-C099EE090927}
	EndGlobalSection
EndGlobal
